
Microsoft Visual Studio Solution File, Format Version 12.00
# Visual Studio Version 16
VisualStudioVersion = 16.0.29709.97
MinimumVisualStudioVersion = 10.0.40219.1
Project("{FAE04EC0-301F-11D3-BF4B-00C04F79EFBC}") = "GlobalWeather", "GlobalWeather.csproj", "{37118843-B61F-4307-A8C2-18FE0355356E}"
EndProject
Global
	GlobalSection(SolutionConfigurationPlatforms) = preSolution
		Debug|Any CPU = Debug|Any CPU
		Release|Any CPU = Release|Any CPU
	EndGlobalSection
	GlobalSection(ProjectConfigurationPlatforms) = postSolution
		{37118843-B61F-4307-A8C2-18FE0355356E}.Debug|Any CPU.ActiveCfg = Debug|Any CPU
		{37118843-B61F-4307-A8C2-18FE0355356E}.Debug|Any CPU.Build.0 = Debug|Any CPU
		{37118843-B61F-4307-A8C2-18FE0355356E}.Release|Any CPU.ActiveCfg = Release|Any CPU
		{37118843-B61F-4307-A8C2-18FE0355356E}.Release|Any CPU.Build.0 = Release|Any CPU
	EndGlobalSection
	GlobalSection(SolutionProperties) = preSolution
		HideSolutionNode = FALSE
	EndGlobalSection
	GlobalSection(ExtensibilityGlobals) = postSolution
		SolutionGuid = {0D334E23-9B35-41A3-BD80-14FC4D52B391}
	EndGlobalSection
EndGlobal
